
Microsoft Visual Studio Solution File, Format Version 12.00
# Visual Studio Version 17
VisualStudioVersion = 17.4.33213.308
MinimumVisualStudioVersion = 10.0.40219.1
Project("{FAE04EC0-301F-11D3-BF4B-00C04F79EFBC}") = "WCFSercive", "WCFSercive\WCFSercive.csproj", "{C3630161-8977-4D1A-BBF0-EA234CAA2F98}"
EndProject
Project("{FAE04EC0-301F-11D3-BF4B-00C04F79EFBC}") = "WpfApp1", "WpfApp1\WpfApp1.csproj", "{601C511B-E9EF-4B75-8AE3-1C65A62C0502}"
EndProject
Global
	GlobalSection(SolutionConfigurationPlatforms) = preSolution
		Debug|Any CPU = Debug|Any CPU
		Release|Any CPU = Release|Any CPU
	EndGlobalSection
	GlobalSection(ProjectConfigurationPlatforms) = postSolution
		{C3630161-8977-4D1A-BBF0-EA234CAA2F98}.Debug|Any CPU.ActiveCfg = Debug|Any CPU
		{C3630161-8977-4D1A-BBF0-EA234CAA2F98}.Debug|Any CPU.Build.0 = Debug|Any CPU
		{C3630161-8977-4D1A-BBF0-EA234CAA2F98}.Release|Any CPU.ActiveCfg = Release|Any CPU
		{C3630161-8977-4D1A-BBF0-EA234CAA2F98}.Release|Any CPU.Build.0 = Release|Any CPU
		{601C511B-E9EF-4B75-8AE3-1C65A62C0502}.Debug|Any CPU.ActiveCfg = Debug|Any CPU
		{601C511B-E9EF-4B75-8AE3-1C65A62C0502}.Debug|Any CPU.Build.0 = Debug|Any CPU
		{601C511B-E9EF-4B75-8AE3-1C65A62C0502}.Release|Any CPU.ActiveCfg = Release|Any CPU
		{601C511B-E9EF-4B75-8AE3-1C65A62C0502}.Release|Any CPU.Build.0 = Release|Any CPU
	EndGlobalSection
	GlobalSection(SolutionProperties) = preSolution
		HideSolutionNode = FALSE
	EndGlobalSection
	GlobalSection(ExtensibilityGlobals) = postSolution
		SolutionGuid = {3BE6C842-F52C-41CA-B165-F4709F70A521}
	EndGlobalSection
EndGlobal
